{
    "_meta": {
        "hash": {
            "sha256": "93d9583636ba0ff2cfe6f06ad6b49160ef32deaad2aa48ad956d140e03300c6f"
        },
        "pipfile-spec": 6,
        "requires": {},
        "sources": [
            {
                "name": "pypi",
                "url": "https://pypi.org/simple",
                "verify_ssl": true
            }
        ]
    },
    "default": {
        "hdpitkinter": {
            "hashes": [
                "sha256:7d1c596ac0ec9cc87b2b8cb208626d886971221b97e43779854e2f2a26ee0871",
                "sha256:ddfb9c14f5e316d3511a1e908cf5f917e331eb22f9a008b0a08eedda5fef9eee"
            ],
            "index": "pypi",
            "version": "==1.0.3"
        },
        "sv-ttk": {
            "hashes": [
                "sha256:8ed2b88307bcd815c077e3e50d6a611c4455f6477a519b7a54226925bf371625",
                "sha256:dc8c92d27f23d66337cbc2b35dddac01d79200dab2b2f6440a6e78c2273b7219"
            ],
            "index": "pypi",
            "version": "==1.0"
        }
    },
    "develop": {}
}
